// !$*UTF8*$!
{
	archiveVersion = 1;
	classes = {
	};
	objectVersion = 46;
	objects = {

/* Begin PBXBuildFile section */
		3111C4A81EBE723A00D41300 /* main.m in Sources */ = {isa = PBXBuildFile; fileRef = 3111C4A71EBE723A00D41300 /* main.m */; };
		3111C4B01EBE79DA00D41300 /* InputManager.m in Sources */ = {isa = PBXBuildFile; fileRef = 3111C4AF1EBE79DA00D41300 /* InputManager.m */; };
		3111C4B31EBE7B2000D41300 /* Player.m in Sources */ = {isa = PBXBuildFile; fileRef = 3111C4B21EBE7B2000D41300 /* Player.m */; };
		313968931EBFCA47009D032B /* PlayerManager.m in Sources */ = {isa = PBXBuildFile; fileRef = 313968921EBFCA47009D032B /* PlayerManager.m */; };
/* End PBXBuildFile section */

/* Begin PBXCopyFilesBuildPhase section */
		3111C4A21EBE723A00D41300 /* CopyFiles */ = {
			isa = PBXCopyFilesBuildPhase;
			buildActionMask = 2147483647;
			dstPath = /usr/share/man/man1/;
			dstSubfolderSpec = 0;
			files = (
			);
			runOnlyForDeploymentPostprocessing = 1;
		};
/* End PBXCopyFilesBuildPhase section */

/* Begin PBXFileReference section */
		3111C4A41EBE723A00D41300 /* Snakes&Ladders */ = {isa = PBXFileReference; explicitFileType = "compiled.mach-o.executable"; includeInIndex = 0; path = "Snakes&Ladders"; sourceTree = BUILT_PRODUCTS_DIR; };
		3111C4A71EBE723A00D41300 /* main.m */ = {isa = PBXFileReference; lastKnownFileType = sourcecode.c.objc; path = main.m; sourceTree = "<group>"; };
		3111C4AE1EBE79DA00D41300 /* InputManager.h */ = {isa = PBXFileReference; fileEncoding = 4; lastKnownFileType = sourcecode.c.h; path = InputManager.h; sourceTree = "<group>"; };
		3111C4AF1EBE79DA00D41300 /* InputManager.m */ = {isa = PBXFileReference; fileEncoding = 4; lastKnownFileType = sourcecode.c.objc; path = InputManager.m; sourceTree = "<group>"; };
		3111C4B11EBE7B2000D41300 /* Player.h */ = {isa = PBXFileReference; fileEncoding = 4; lastKnownFileType = sourcecode.c.h; path = Player.h; sourceTree = "<group>"; };
		3111C4B21EBE7B2000D41300 /* Player.m */ = {isa = PBXFileReference; fileEncoding = 4; lastKnownFileType = sourcecode.c.objc; path = Player.m; sourceTree = "<group>"; };
		313968911EBFCA47009D032B /* PlayerManager.h */ = {isa = PBXFileReference; fileEncoding = 4; lastKnownFileType = sourcecode.c.h; path = PlayerManager.h; sourceTree = "<group>"; };
		313968921EBFCA47009D032B /* PlayerManager.m */ = {isa = PBXFileReference; fileEncoding = 4; lastKnownFileType = sourcecode.c.objc; path = PlayerManager.m; sourceTree = "<group>"; };
/* End PBXFileReference section */

/* Begin PBXFrameworksBuildPhase section */
		3111C4A11EBE723A00D41300 /* Frameworks */ = {
			isa = PBXFrameworksBuildPhase;
			buildActionMask = 2147483647;
			files = (
			);
			runOnlyForDeploymentPostprocessing = 0;
		};
/* End PBXFrameworksBuildPhase section */

/* Begin PBXGroup section */
		3111C49B1EBE723A00D41300 = {
			isa = PBXGroup;
			children = (
				3111C4A61EBE723A00D41300 /* Snakes&Ladders */,
				3111C4A51EBE723A00D41300 /* Products */,
			);
			sourceTree = "<group>";
		};
		3111C4A51EBE723A00D41300 /* Products */ = {
			isa = PBXGroup;
			children = (
				3111C4A41EBE723A00D41300 /* Snakes&Ladders */,
			);
			name = Products;
			sourceTree = "<group>";
		};
		3111C4A61EBE723A00D41300 /* Snakes&Ladders */ = {
			isa = PBXGroup;
			children = (
				3111C4AE1EBE79DA00D41300 /* InputManager.h */,
				3111C4AF1EBE79DA00D41300 /* InputManager.m */,
				313968911EBFCA47009D032B /* PlayerManager.h */,
				313968921EBFCA47009D032B /* PlayerManager.m */,
				3111C4B11EBE7B2000D41300 /* Player.h */,
				3111C4B21EBE7B2000D41300 /* Player.m */,
				3111C4A71EBE723A00D41300 /* main.m */,
			);
			path = "Snakes&Ladders";
			sourceTree = "<group>";
		};
/* End PBXGroup section */

/* Begin PBXNativeTarget section */
		3111C4A31EBE723A00D41300 /* Snakes&Ladders */ = {
			isa = PBXNativeTarget;
			buildConfigurationList = 3111C4AB1EBE723A00D41300 /* Build configuration list for PBXNativeTarget "Snakes&Ladders" */;
			buildPhases = (
				3111C4A01EBE723A00D41300 /* Sources */,
				3111C4A11EBE723A00D41300 /* Frameworks */,
				3111C4A21EBE723A00D41300 /* CopyFiles */,
			);
			buildRules = (
			);
			dependencies = (
			);
			name = "Snakes&Ladders";
			productName = "Snakes&Ladders";
			productReference = 3111C4A41EBE723A00D41300 /* Snakes&Ladders */;
			productType = "com.apple.product-type.tool";
		};
/* End PBXNativeTarget section */

/* Begin PBXProject section */
		3111C49C1EBE723A00D41300 /* Project object */ = {
			isa = PBXProject;
			attributes = {
				LastUpgradeCheck = 0830;
				ORGANIZATIONNAME = RushanBenazir;
				TargetAttributes = {
					3111C4A31EBE723A00D41300 = {
						CreatedOnToolsVersion = 8.3.2;
						ProvisioningStyle = Automatic;
					};
				};
			};
			buildConfigurationList = 3111C49F1EBE723A00D41300 /* Build configuration list for PBXProject "Snakes&Ladders" */;
			compatibilityVersion = "Xcode 3.2";
			developmentRegion = English;
			hasScannedForEncodings = 0;
			knownRegions = (
				en,
			);
			mainGroup = 3111C49B1EBE723A00D41300;
			productRefGroup = 3111C4A51EBE723A00D41300 /* Products */;
			projectDirPath = "";
			projectRoot = "";
			targets = (
				3111C4A31EBE723A00D41300 /* Snakes&Ladders */,
			);
		};
/* End PBXProject section */

/* Begin PBXSourcesBuildPhase section */
		3111C4A01EBE723A00D41300 /* Sources */ = {
			isa = PBXSourcesBuildPhase;
			buildActionMask = 2147483647;
			files = (
				3111C4B01EBE79DA00D41300 /* InputManager.m in Sources */,
				3111C4B31EBE7B2000D41300 /* Player.m in Sources */,
				313968931EBFCA47009D032B /* PlayerManager.m in Sources */,
				3111C4A81EBE723A00D41300 /* main.m in Sources */,
			);
			runOnlyForDeploymentPostprocessing = 0;
		};
/* End PBXSourcesBuildPhase section */

/* Begin XCBuildConfiguration section */
		3111C4A91EBE723A00D41300 /* Debug */ = {
			isa = XCBuildConfiguration;
			buildSettings = {
				ALWAYS_SEARCH_USER_PATHS = NO;
				CLANG_ANALYZER_NONNULL = YES;
				CLANG_ANALYZER_NUMBER_OBJECT_CONVERSION = YES_AGGRESSIVE;
				CLANG_CXX_LANGUAGE_STANDARD = "gnu++0x";
				CLANG_CXX_LIBRARY = "libc++";
				CLANG_ENABLE_MODULES = YES;
				CLANG_ENABLE_OBJC_ARC = YES;
				CLANG_WARN_BOOL_CONVERSION = YES;
				CLANG_WARN_CONSTANT_CONVERSION = YES;
				CLANG_WARN_DIRECT_OBJC_ISA_USAGE = YES_ERROR;
				CLANG_WARN_DOCUMENTATION_COMMENTS = YES;
				CLANG_WARN_EMPTY_BODY = YES;
				CLANG_WARN_ENUM_CONVERSION = YES;
				CLANG_WARN_INFINITE_RECURSION = YES;
				CLANG_WARN_INT_CONVERSION = YES;
				CLANG_WARN_OBJC_ROOT_CLASS = YES_ERROR;
				CLANG_WARN_SUSPICIOUS_MOVE = YES;
				CLANG_WARN_UNREACHABLE_CODE = YES;
				CLANG_WARN__DUPLICATE_METHOD_MATCH = YES;
				CODE_SIGN_IDENTITY = "-";
				COPY_PHASE_STRIP = NO;
				DEBUG_INFORMATION_FORMAT = dwarf;
				ENABLE_STRICT_OBJC_MSGSEND = YES;
				ENABLE_TESTABILITY = YES;
				GCC_C_LANGUAGE_STANDARD = gnu99;
				GCC_DYNAMIC_NO_PIC = NO;
				GCC_NO_COMMON_BLOCKS = YES;
				GCC_OPTIMIZATION_LEVEL = 0;
				GCC_PREPROCESSOR_DEFINITIONS = (
					"DEBUG=1",
					"$(inherited)",
				);
				GCC_WARN_64_TO_32_BIT_CONVERSION = YES;
				GCC_WARN_ABOUT_RETURN_TYPE = YES_ERROR;
				GCC_WARN_UNDECLARED_SELECTOR = YES;
				GCC_WARN_UNINITIALIZED_AUTOS = YES_AGGRESSIVE;
				GCC_WARN_UNUSED_FUNCTION = YES;
				GCC_WARN_UNUSED_VARIABLE = YES;
				MACOSX_DEPLOYMENT_TARGET = 10.12;
				MTL_ENABLE_DEBUG_INFO = YES;
				ONLY_ACTIVE_ARCH = YES;
				SDKROOT = macosx;
			};
			name = Debug;
		};
		3111C4AA1EBE723A00D41300 /* Release */ = {
			isa = XCBuildConfiguration;
			buildSettings = {
				ALWAYS_SEARCH_USER_PATHS = NO;
				CLANG_ANALYZER_NONNULL = YES;
				CLANG_ANALYZER_NUMBER_OBJECT_CONVERSION = YES_AGGRESSIVE;
				CLANG_CXX_LANGUAGE_STANDARD = "gnu++0x";
				CLANG_CXX_LIBRARY = "libc++";
				CLANG_ENABLE_MODULES = YES;
				CLANG_ENABLE_OBJC_ARC = YES;
				CLANG_WARN_BOOL_CONVERSION = YES;
				CLANG_WARN_CONSTANT_CONVERSION = YES;
				CLANG_WARN_DIRECT_OBJC_ISA_USAGE = YES_ERROR;
				CLANG_WARN_DOCUMENTATION_COMMENTS = YES;
				CLANG_WARN_EMPTY_BODY = YES;
				CLANG_WARN_ENUM_CONVERSION = YES;
				CLANG_WARN_INFINITE_RECURSION = YES;
				CLANG_WARN_INT_CONVERSION = YES;
				CLANG_WARN_OBJC_ROOT_CLASS = YES_ERROR;
				CLANG_WARN_SUSPICIOUS_MOVE = YES;
				CLANG_WARN_UNREACHABLE_CODE = YES;
				CLANG_WARN__DUPLICATE_METHOD_MATCH = YES;
				CODE_SIGN_IDENTITY = "-";
				COPY_PHASE_STRIP = NO;
				DEBUG_INFORMATION_FORMAT = "dwarf-with-dsym";
				ENABLE_NS_ASSERTIONS = NO;
				ENABLE_STRICT_OBJC_MSGSEND = YES;
				GCC_C_LANGUAGE_STANDARD = gnu99;
				GCC_NO_COMMON_BLOCKS = YES;
				GCC_WARN_64_TO_32_BIT_CONVERSION = YES;
				GCC_WARN_ABOUT_RETURN_TYPE = YES_ERROR;
				GCC_WARN_UNDECLARED_SELECTOR = YES;
				GCC_WARN_UNINITIALIZED_AUTOS = YES_AGGRESSIVE;
				GCC_WARN_UNUSED_FUNCTION = YES;
				GCC_WARN_UNUSED_VARIABLE = YES;
				MACOSX_DEPLOYMENT_TARGET = 10.12;
				MTL_ENABLE_DEBUG_INFO = NO;
				SDKROOT = macosx;
			};
			name = Release;
		};
		3111C4AC1EBE723A00D41300 /* Debug */ = {
			isa = XCBuildConfiguration;
			buildSettings = {
				PRODUCT_NAME = "$(TARGET_NAME)";
			};
			name = Debug;
		};
		3111C4AD1EBE723A00D41300 /* Release */ = {
			isa = XCBuildConfiguration;
			buildSettings = {
				PRODUCT_NAME = "$(TARGET_NAME)";
			};
			name = Release;
		};
/* End XCBuildConfiguration section */

/* Begin XCConfigurationList section */
		3111C49F1EBE723A00D41300 /* Build configuration list for PBXProject "Snakes&Ladders" */ = {
			isa = XCConfigurationList;
			buildConfigurations = (
				3111C4A91EBE723A00D41300 /* Debug */,
				3111C4AA1EBE723A00D41300 /* Release */,
			);
			defaultConfigurationIsVisible = 0;
			defaultConfigurationName = Release;
		};
		3111C4AB1EBE723A00D41300 /* Build configuration list for PBXNativeTarget "Snakes&Ladders" */ = {
			isa = XCConfigurationList;
			buildConfigurations = (
				3111C4AC1EBE723A00D41300 /* Debug */,
				3111C4AD1EBE723A00D41300 /* Release */,
			);
			defaultConfigurationIsVisible = 0;
			defaultConfigurationName = Release;
		};
/* End XCConfigurationList section */
	};
	rootObject = 3111C49C1EBE723A00D41300 /* Project object */;
}
